// !$*UTF8*$!
{
	archiveVersion = 1;
	classes = {
	};
	objectVersion = 55;
	objects = {

/* Begin PBXBuildFile section */
		511C676228817C7D004D18C9 /* UIColorExtension.swift in Sources */ = {isa = PBXBuildFile; fileRef = 511C676128817C7C004D18C9 /* UIColorExtension.swift */; };
		511C676428819557004D18C9 /* UIImageExtension.swift in Sources */ = {isa = PBXBuildFile; fileRef = 511C676328819557004D18C9 /* UIImageExtension.swift */; };
		511C676628819662004D18C9 /* SearchButton.swift in Sources */ = {isa = PBXBuildFile; fileRef = 511C676528819662004D18C9 /* SearchButton.swift */; };
		511C67682883C970004D18C9 /* HomeVerticalFlowLayout.swift in Sources */ = {isa = PBXBuildFile; fileRef = 511C67672883C970004D18C9 /* HomeVerticalFlowLayout.swift */; };
		511C676A2883CCD2004D18C9 /* SearchMovieCell.swift in Sources */ = {isa = PBXBuildFile; fileRef = 511C67692883CCD2004D18C9 /* SearchMovieCell.swift */; };
		511C676D28853F9A004D18C9 /* DetailVC.swift in Sources */ = {isa = PBXBuildFile; fileRef = 511C676C28853F9A004D18C9 /* DetailVC.swift */; };
		511C676F28853FB6004D18C9 /* HomeCoordinator.swift in Sources */ = {isa = PBXBuildFile; fileRef = 511C676E28853FB6004D18C9 /* HomeCoordinator.swift */; };
		511C677128853FFC004D18C9 /* Coordinator.swift in Sources */ = {isa = PBXBuildFile; fileRef = 511C677028853FFC004D18C9 /* Coordinator.swift */; };
		511C677328854273004D18C9 /* DetailView.swift in Sources */ = {isa = PBXBuildFile; fileRef = 511C677228854273004D18C9 /* DetailView.swift */; };
		511C6775288542DA004D18C9 /* DetailReactor.swift in Sources */ = {isa = PBXBuildFile; fileRef = 511C6774288542DA004D18C9 /* DetailReactor.swift */; };
		511C677928893928004D18C9 /* TotalCookie.swift in Sources */ = {isa = PBXBuildFile; fileRef = 511C677828893928004D18C9 /* TotalCookie.swift */; };
		511C677B288B0EFA004D18C9 /* RevisionedData.swift in Sources */ = {isa = PBXBuildFile; fileRef = 511C677A288B0EFA004D18C9 /* RevisionedData.swift */; };
		511C677D288E7E9D004D18C9 /* VideoResponse.swift in Sources */ = {isa = PBXBuildFile; fileRef = 511C677C288E7E9D004D18C9 /* VideoResponse.swift */; };
		511C677F288EEF89004D18C9 /* Key.swift in Sources */ = {isa = PBXBuildFile; fileRef = 511C677E288EEF88004D18C9 /* Key.swift */; };
		511C67852891C4A4004D18C9 /* Cookie.swift in Sources */ = {isa = PBXBuildFile; fileRef = 511C67842891C4A4004D18C9 /* Cookie.swift */; };
		511C67872892786B004D18C9 /* GoogleService-Info.plist in Resources */ = {isa = PBXBuildFile; fileRef = 511C67862892786B004D18C9 /* GoogleService-Info.plist */; };
		511C678C28992497004D18C9 /* User.swift in Sources */ = {isa = PBXBuildFile; fileRef = 511C678B28992497004D18C9 /* User.swift */; };
		511C678F28999286004D18C9 /* Slider.swift in Sources */ = {isa = PBXBuildFile; fileRef = 511C678E28999286004D18C9 /* Slider.swift */; };
		511C6797289BC59E004D18C9 /* EatingCookie.json in Resources */ = {isa = PBXBuildFile; fileRef = 511C6796289BC59E004D18C9 /* EatingCookie.json */; };
		519E21E428733B5700DADA73 /* MovieResponse.swift in Sources */ = {isa = PBXBuildFile; fileRef = 519E21E328733B5700DADA73 /* MovieResponse.swift */; };
		519E21E72873502F00DADA73 /* TabBarTag.swift in Sources */ = {isa = PBXBuildFile; fileRef = 519E21E52873502E00DADA73 /* TabBarTag.swift */; };
		519E21E82873502F00DADA73 /* Movie.swift in Sources */ = {isa = PBXBuildFile; fileRef = 519E21E62873502F00DADA73 /* Movie.swift */; };
		519E21F22873606A00DADA73 /* HomeReactor.swift in Sources */ = {isa = PBXBuildFile; fileRef = 519E21EF2873606A00DADA73 /* HomeReactor.swift */; };
		519E21F32873606A00DADA73 /* HomeVC.swift in Sources */ = {isa = PBXBuildFile; fileRef = 519E21F02873606A00DADA73 /* HomeVC.swift */; };
		519E21F42873606A00DADA73 /* HomeView.swift in Sources */ = {isa = PBXBuildFile; fileRef = 519E21F12873606A00DADA73 /* HomeView.swift */; };
		519E21F92873608C00DADA73 /* LaunchView.swift in Sources */ = {isa = PBXBuildFile; fileRef = 519E21F62873608C00DADA73 /* LaunchView.swift */; };
		519E21FA2873608C00DADA73 /* LaunchVC.swift in Sources */ = {isa = PBXBuildFile; fileRef = 519E21F72873608C00DADA73 /* LaunchVC.swift */; };
		519E21FB2873608C00DADA73 /* LaunchViewModel.swift in Sources */ = {isa = PBXBuildFile; fileRef = 519E21F82873608C00DADA73 /* LaunchViewModel.swift */; };
		519E21FE287360B000DADA73 /* TabBarVC.swift in Sources */ = {isa = PBXBuildFile; fileRef = 519E21FD287360B000DADA73 /* TabBarVC.swift */; };
		519E2205287360DD00DADA73 /* BaseVC.swift in Sources */ = {isa = PBXBuildFile; fileRef = 519E2200287360DD00DADA73 /* BaseVC.swift */; };
		519E2206287360DD00DADA73 /* BaseCollectionViewCell.swift in Sources */ = {isa = PBXBuildFile; fileRef = 519E2201287360DD00DADA73 /* BaseCollectionViewCell.swift */; };
		519E2207287360DD00DADA73 /* BaseViewModel.swift in Sources */ = {isa = PBXBuildFile; fileRef = 519E2202287360DD00DADA73 /* BaseViewModel.swift */; };
		519E2208287360DD00DADA73 /* BaseReactor.swift in Sources */ = {isa = PBXBuildFile; fileRef = 519E2203287360DD00DADA73 /* BaseReactor.swift */; };
		519E2209287360DD00DADA73 /* BaseView.swift in Sources */ = {isa = PBXBuildFile; fileRef = 519E2204287360DD00DADA73 /* BaseView.swift */; };
		519E220C2873613000DADA73 /* MovieService.swift in Sources */ = {isa = PBXBuildFile; fileRef = 519E220B2873613000DADA73 /* MovieService.swift */; };
		519E220F2873615D00DADA73 /* HTTPUtils.swift in Sources */ = {isa = PBXBuildFile; fileRef = 519E220E2873615D00DADA73 /* HTTPUtils.swift */; };
		519E221428736AEC00DADA73 /* CommonError.swift in Sources */ = {isa = PBXBuildFile; fileRef = 519E221328736AEC00DADA73 /* CommonError.swift */; };
		519E221728736B7300DADA73 /* LoadingView.swift in Sources */ = {isa = PBXBuildFile; fileRef = 519E221628736B7300DADA73 /* LoadingView.swift */; };
		519E221A28736DD500DADA73 /* Colors.xcassets in Resources */ = {isa = PBXBuildFile; fileRef = 519E221928736DD500DADA73 /* Colors.xcassets */; };
		519E22222873756900DADA73 /* Jalnan.ttf in Resources */ = {isa = PBXBuildFile; fileRef = 519E21E92873516A00DADA73 /* Jalnan.ttf */; };
		519E22272873862B00DADA73 /* R.generated.swift in Sources */ = {isa = PBXBuildFile; fileRef = 519E22262873862B00DADA73 /* R.generated.swift */; };
		519E222B2875DE9500DADA73 /* Storage.swift in Sources */ = {isa = PBXBuildFile; fileRef = 519E222A2875DE9500DADA73 /* Storage.swift */; };
		519E222F2877132600DADA73 /* MyLogger.swift in Sources */ = {isa = PBXBuildFile; fileRef = 519E222E2877132600DADA73 /* MyLogger.swift */; };
		519E22322877335700DADA73 /* MovieCell.swift in Sources */ = {isa = PBXBuildFile; fileRef = 519E22312877335700DADA73 /* MovieCell.swift */; };
		519E22352877347000DADA73 /* UIFontExtension.swift in Sources */ = {isa = PBXBuildFile; fileRef = 519E22342877347000DADA73 /* UIFontExtension.swift */; };
		519E2239287740DC00DADA73 /* NotoSansKR-Medium.otf in Resources */ = {isa = PBXBuildFile; fileRef = 519E2237287740CB00DADA73 /* NotoSansKR-Medium.otf */; };
		519E223A287740DE00DADA73 /* NotoSansKR-Bold.otf in Resources */ = {isa = PBXBuildFile; fileRef = 519E2238287740CB00DADA73 /* NotoSansKR-Bold.otf */; };
		519E223B287740E000DADA73 /* NotoSansKR-Regular.otf in Resources */ = {isa = PBXBuildFile; fileRef = 519E2236287740CB00DADA73 /* NotoSansKR-Regular.otf */; };
		519E223D2877424400DADA73 /* UIViewExtension.swift in Sources */ = {isa = PBXBuildFile; fileRef = 519E223C2877424400DADA73 /* UIViewExtension.swift */; };
		519E22442877749300DADA73 /* HomeHorizontalFlowLayout.swift in Sources */ = {isa = PBXBuildFile; fileRef = 519E22432877749300DADA73 /* HomeHorizontalFlowLayout.swift */; };
		51BBD11C2872E37800BBE992 /* AppDelegate.swift in Sources */ = {isa = PBXBuildFile; fileRef = 51BBD11B2872E37800BBE992 /* AppDelegate.swift */; };
		51BBD11E2872E37800BBE992 /* SceneDelegate.swift in Sources */ = {isa = PBXBuildFile; fileRef = 51BBD11D2872E37800BBE992 /* SceneDelegate.swift */; };
		51BBD1252872E37900BBE992 /* Assets.xcassets in Resources */ = {isa = PBXBuildFile; fileRef = 51BBD1242872E37900BBE992 /* Assets.xcassets */; };
		51BBD1282872E37900BBE992 /* LaunchScreen.storyboard in Resources */ = {isa = PBXBuildFile; fileRef = 51BBD1262872E37900BBE992 /* LaunchScreen.storyboard */; };
		5A673F69290BE3589009097E /* Pods_Cookie.framework in Frameworks */ = {isa = PBXBuildFile; fileRef = FD032981DB6DD526641C3940 /* Pods_Cookie.framework */; };
/* End PBXBuildFile section */

/* Begin PBXFileReference section */
		2C792B62BB27596C13DAFBFF /* Pods-Cookie.release.xcconfig */ = {isa = PBXFileReference; includeInIndex = 1; lastKnownFileType = text.xcconfig; name = "Pods-Cookie.release.xcconfig"; path = "Target Support Files/Pods-Cookie/Pods-Cookie.release.xcconfig"; sourceTree = "<group>"; };
		511C676128817C7C004D18C9 /* UIColorExtension.swift */ = {isa = PBXFileReference; lastKnownFileType = sourcecode.swift; path = UIColorExtension.swift; sourceTree = "<group>"; };
		511C676328819557004D18C9 /* UIImageExtension.swift */ = {isa = PBXFileReference; lastKnownFileType = sourcecode.swift; path = UIImageExtension.swift; sourceTree = "<group>"; };
		511C676528819662004D18C9 /* SearchButton.swift */ = {isa = PBXFileReference; lastKnownFileType = sourcecode.swift; path = SearchButton.swift; sourceTree = "<group>"; };
		511C67672883C970004D18C9 /* HomeVerticalFlowLayout.swift */ = {isa = PBXFileReference; lastKnownFileType = sourcecode.swift; path = HomeVerticalFlowLayout.swift; sourceTree = "<group>"; };
		511C67692883CCD2004D18C9 /* SearchMovieCell.swift */ = {isa = PBXFileReference; lastKnownFileType = sourcecode.swift; path = SearchMovieCell.swift; sourceTree = "<group>"; };
		511C676C28853F9A004D18C9 /* DetailVC.swift */ = {isa = PBXFileReference; lastKnownFileType = sourcecode.swift; path = DetailVC.swift; sourceTree = "<group>"; };
		511C676E28853FB6004D18C9 /* HomeCoordinator.swift */ = {isa = PBXFileReference; lastKnownFileType = sourcecode.swift; path = HomeCoordinator.swift; sourceTree = "<group>"; };
		511C677028853FFC004D18C9 /* Coordinator.swift */ = {isa = PBXFileReference; lastKnownFileType = sourcecode.swift; path = Coordinator.swift; sourceTree = "<group>"; };
		511C677228854273004D18C9 /* DetailView.swift */ = {isa = PBXFileReference; lastKnownFileType = sourcecode.swift; path = DetailView.swift; sourceTree = "<group>"; };
		511C6774288542DA004D18C9 /* DetailReactor.swift */ = {isa = PBXFileReference; lastKnownFileType = sourcecode.swift; path = DetailReactor.swift; sourceTree = "<group>"; };
		511C677828893928004D18C9 /* TotalCookie.swift */ = {isa = PBXFileReference; lastKnownFileType = sourcecode.swift; path = TotalCookie.swift; sourceTree = "<group>"; };
		511C677A288B0EFA004D18C9 /* RevisionedData.swift */ = {isa = PBXFileReference; lastKnownFileType = sourcecode.swift; path = RevisionedData.swift; sourceTree = "<group>"; };
		511C677C288E7E9D004D18C9 /* VideoResponse.swift */ = {isa = PBXFileReference; lastKnownFileType = sourcecode.swift; path = VideoResponse.swift; sourceTree = "<group>"; };
		511C677E288EEF88004D18C9 /* Key.swift */ = {isa = PBXFileReference; lastKnownFileType = sourcecode.swift; path = Key.swift; sourceTree = "<group>"; };
		511C67842891C4A4004D18C9 /* Cookie.swift */ = {isa = PBXFileReference; lastKnownFileType = sourcecode.swift; path = Cookie.swift; sourceTree = "<group>"; };
		511C67862892786B004D18C9 /* GoogleService-Info.plist */ = {isa = PBXFileReference; fileEncoding = 4; lastKnownFileType = text.plist.xml; path = "GoogleService-Info.plist"; sourceTree = "<group>"; };
		511C678B28992497004D18C9 /* User.swift */ = {isa = PBXFileReference; lastKnownFileType = sourcecode.swift; path = User.swift; sourceTree = "<group>"; };
		511C678E28999286004D18C9 /* Slider.swift */ = {isa = PBXFileReference; lastKnownFileType = sourcecode.swift; path = Slider.swift; sourceTree = "<group>"; };
		511C6796289BC59E004D18C9 /* EatingCookie.json */ = {isa = PBXFileReference; fileEncoding = 4; lastKnownFileType = text.json; path = EatingCookie.json; sourceTree = "<group>"; };
		519E21E328733B5700DADA73 /* MovieResponse.swift */ = {isa = PBXFileReference; fileEncoding = 4; lastKnownFileType = sourcecode.swift; path = MovieResponse.swift; sourceTree = "<group>"; };
		519E21E52873502E00DADA73 /* TabBarTag.swift */ = {isa = PBXFileReference; fileEncoding = 4; lastKnownFileType = sourcecode.swift; path = TabBarTag.swift; sourceTree = "<group>"; };
		519E21E62873502F00DADA73 /* Movie.swift */ = {isa = PBXFileReference; fileEncoding = 4; lastKnownFileType = sourcecode.swift; path = Movie.swift; sourceTree = "<group>"; };
		519E21E92873516A00DADA73 /* Jalnan.ttf */ = {isa = PBXFileReference; lastKnownFileType = file; path = Jalnan.ttf; sourceTree = "<group>"; };
		519E21EF2873606A00DADA73 /* HomeReactor.swift */ = {isa = PBXFileReference; fileEncoding = 4; lastKnownFileType = sourcecode.swift; path = HomeReactor.swift; sourceTree = "<group>"; };
		519E21F02873606A00DADA73 /* HomeVC.swift */ = {isa = PBXFileReference; fileEncoding = 4; lastKnownFileType = sourcecode.swift; path = HomeVC.swift; sourceTree = "<group>"; };
		519E21F12873606A00DADA73 /* HomeView.swift */ = {isa = PBXFileReference; fileEncoding = 4; lastKnownFileType = sourcecode.swift; path = HomeView.swift; sourceTree = "<group>"; };
		519E21F62873608C00DADA73 /* LaunchView.swift */ = {isa = PBXFileReference; fileEncoding = 4; lastKnownFileType = sourcecode.swift; path = LaunchView.swift; sourceTree = "<group>"; };
		519E21F72873608C00DADA73 /* LaunchVC.swift */ = {isa = PBXFileReference; fileEncoding = 4; lastKnownFileType = sourcecode.swift; path = LaunchVC.swift; sourceTree = "<group>"; };
		519E21F82873608C00DADA73 /* LaunchViewModel.swift */ = {isa = PBXFileReference; fileEncoding = 4; lastKnownFileType = sourcecode.swift; path = LaunchViewModel.swift; sourceTree = "<group>"; };
		519E21FD287360B000DADA73 /* TabBarVC.swift */ = {isa = PBXFileReference; fileEncoding = 4; lastKnownFileType = sourcecode.swift; path = TabBarVC.swift; sourceTree = "<group>"; };
		519E2200287360DD00DADA73 /* BaseVC.swift */ = {isa = PBXFileReference; fileEncoding = 4; lastKnownFileType = sourcecode.swift; path = BaseVC.swift; sourceTree = "<group>"; };
		519E2201287360DD00DADA73 /* BaseCollectionViewCell.swift */ = {isa = PBXFileReference; fileEncoding = 4; lastKnownFileType = sourcecode.swift; path = BaseCollectionViewCell.swift; sourceTree = "<group>"; };
		519E2202287360DD00DADA73 /* BaseViewModel.swift */ = {isa = PBXFileReference; fileEncoding = 4; lastKnownFileType = sourcecode.swift; path = BaseViewModel.swift; sourceTree = "<group>"; };
		519E2203287360DD00DADA73 /* BaseReactor.swift */ = {isa = PBXFileReference; fileEncoding = 4; lastKnownFileType = sourcecode.swift; path = BaseReactor.swift; sourceTree = "<group>"; };
		519E2204287360DD00DADA73 /* BaseView.swift */ = {isa = PBXFileReference; fileEncoding = 4; lastKnownFileType = sourcecode.swift; path = BaseView.swift; sourceTree = "<group>"; };
		519E220B2873613000DADA73 /* MovieService.swift */ = {isa = PBXFileReference; fileEncoding = 4; lastKnownFileType = sourcecode.swift; path = MovieService.swift; sourceTree = "<group>"; };
		519E220E2873615D00DADA73 /* HTTPUtils.swift */ = {isa = PBXFileReference; fileEncoding = 4; lastKnownFileType = sourcecode.swift; path = HTTPUtils.swift; sourceTree = "<group>"; };
		519E221328736AEC00DADA73 /* CommonError.swift */ = {isa = PBXFileReference; fileEncoding = 4; lastKnownFileType = sourcecode.swift; path = CommonError.swift; sourceTree = "<group>"; };
		519E221628736B7300DADA73 /* LoadingView.swift */ = {isa = PBXFileReference; fileEncoding = 4; lastKnownFileType = sourcecode.swift; path = LoadingView.swift; sourceTree = "<group>"; };
		519E221928736DD500DADA73 /* Colors.xcassets */ = {isa = PBXFileReference; lastKnownFileType = folder.assetcatalog; path = Colors.xcassets; sourceTree = "<group>"; };
		519E22262873862B00DADA73 /* R.generated.swift */ = {isa = PBXFileReference; fileEncoding = 4; lastKnownFileType = sourcecode.swift; path = R.generated.swift; sourceTree = "<group>"; };
		519E222A2875DE9500DADA73 /* Storage.swift */ = {isa = PBXFileReference; lastKnownFileType = sourcecode.swift; path = Storage.swift; sourceTree = "<group>"; };
		519E222E2877132600DADA73 /* MyLogger.swift */ = {isa = PBXFileReference; fileEncoding = 4; lastKnownFileType = sourcecode.swift; path = MyLogger.swift; sourceTree = "<group>"; };
		519E22312877335700DADA73 /* MovieCell.swift */ = {isa = PBXFileReference; lastKnownFileType = sourcecode.swift; path = MovieCell.swift; sourceTree = "<group>"; };
		519E22342877347000DADA73 /* UIFontExtension.swift */ = {isa = PBXFileReference; lastKnownFileType = sourcecode.swift; path = UIFontExtension.swift; sourceTree = "<group>"; };
		519E2236287740CB00DADA73 /* NotoSansKR-Regular.otf */ = {isa = PBXFileReference; lastKnownFileType = file; path = "NotoSansKR-Regular.otf"; sourceTree = "<group>"; };
		519E2237287740CB00DADA73 /* NotoSansKR-Medium.otf */ = {isa = PBXFileReference; lastKnownFileType = file; path = "NotoSansKR-Medium.otf"; sourceTree = "<group>"; };
		519E2238287740CB00DADA73 /* NotoSansKR-Bold.otf */ = {isa = PBXFileReference; lastKnownFileType = file; path = "NotoSansKR-Bold.otf"; sourceTree = "<group>"; };
		519E223C2877424400DADA73 /* UIViewExtension.swift */ = {isa = PBXFileReference; lastKnownFileType = sourcecode.swift; path = UIViewExtension.swift; sourceTree = "<group>"; };
		519E22432877749300DADA73 /* HomeHorizontalFlowLayout.swift */ = {isa = PBXFileReference; lastKnownFileType = sourcecode.swift; path = HomeHorizontalFlowLayout.swift; sourceTree = "<group>"; };
		51BBD1182872E37800BBE992 /* Cookie.app */ = {isa = PBXFileReference; explicitFileType = wrapper.application; includeInIndex = 0; path = Cookie.app; sourceTree = BUILT_PRODUCTS_DIR; };
		51BBD11B2872E37800BBE992 /* AppDelegate.swift */ = {isa = PBXFileReference; lastKnownFileType = sourcecode.swift; path = AppDelegate.swift; sourceTree = "<group>"; };
		51BBD11D2872E37800BBE992 /* SceneDelegate.swift */ = {isa = PBXFileReference; lastKnownFileType = sourcecode.swift; path = SceneDelegate.swift; sourceTree = "<group>"; };
		51BBD1242872E37900BBE992 /* Assets.xcassets */ = {isa = PBXFileReference; lastKnownFileType = folder.assetcatalog; path = Assets.xcassets; sourceTree = "<group>"; };
		51BBD1272872E37900BBE992 /* Base */ = {isa = PBXFileReference; lastKnownFileType = file.storyboard; name = Base; path = Base.lproj/LaunchScreen.storyboard; sourceTree = "<group>"; };
		51BBD1292872E37900BBE992 /* Info.plist */ = {isa = PBXFileReference; lastKnownFileType = text.plist.xml; path = Info.plist; sourceTree = "<group>"; };
		F8B9C5415B4C8B993136D88E /* Pods-Cookie.debug.xcconfig */ = {isa = PBXFileReference; includeInIndex = 1; lastKnownFileType = text.xcconfig; name = "Pods-Cookie.debug.xcconfig"; path = "Target Support Files/Pods-Cookie/Pods-Cookie.debug.xcconfig"; sourceTree = "<group>"; };
		FD032981DB6DD526641C3940 /* Pods_Cookie.framework */ = {isa = PBXFileReference; explicitFileType = wrapper.framework; includeInIndex = 0; path = Pods_Cookie.framework; sourceTree = BUILT_PRODUCTS_DIR; };
/* End PBXFileReference section */

/* Begin PBXFrameworksBuildPhase section */
		51BBD1152872E37800BBE992 /* Frameworks */ = {
			isa = PBXFrameworksBuildPhase;
			buildActionMask = 2147483647;
			files = (
				5A673F69290BE3589009097E /* Pods_Cookie.framework in Frameworks */,
			);
			runOnlyForDeploymentPostprocessing = 0;
		};
/* End PBXFrameworksBuildPhase section */

/* Begin PBXGroup section */
		511C676B28853F7A004D18C9 /* Detail */ = {
			isa = PBXGroup;
			children = (
				511C678D2899926D004D18C9 /* Components */,
				511C676C28853F9A004D18C9 /* DetailVC.swift */,
				511C677228854273004D18C9 /* DetailView.swift */,
				511C6774288542DA004D18C9 /* DetailReactor.swift */,
			);
			path = Detail;
			sourceTree = "<group>";
		};
		511C678D2899926D004D18C9 /* Components */ = {
			isa = PBXGroup;
			children = (
				511C678E28999286004D18C9 /* Slider.swift */,
			);
			path = Components;
			sourceTree = "<group>";
		};
		519E21D4287316DB00DADA73 /* Domain */ = {
			isa = PBXGroup;
			children = (
				519E221528736B6300DADA73 /* Shared */,
				519E21FF287360CE00DADA73 /* Base */,
				519E21FC287360A700DADA73 /* Tabbar */,
				519E21F52873608100DADA73 /* Launch */,
				511C676B28853F7A004D18C9 /* Detail */,
				519E21EE2873605800DADA73 /* Home */,
			);
			path = Domain;
			sourceTree = "<group>";
		};
		519E21DF28733AEE00DADA73 /* Model */ = {
			isa = PBXGroup;
			children = (
				519E223E2877458500DADA73 /* Presentation */,
				511C677E288EEF88004D18C9 /* Key.swift */,
				511C677A288B0EFA004D18C9 /* RevisionedData.swift */,
				519E21E52873502E00DADA73 /* TabBarTag.swift */,
				519E221228736AD400DADA73 /* Error */,
				519E221328736AEC00DADA73 /* CommonError.swift */,
				519E21E028733AFF00DADA73 /* Dto */,
			);
			path = Model;
			sourceTree = "<group>";
		};
		519E21E028733AFF00DADA73 /* Dto */ = {
			isa = PBXGroup;
			children = (
				519E21E128733B2100DADA73 /* Request */,
				519E21E228733B4000DADA73 /* Response */,
			);
			path = Dto;
			sourceTree = "<group>";
		};
		519E21E128733B2100DADA73 /* Request */ = {
			isa = PBXGroup;
			children = (
			);
			path = Request;
			sourceTree = "<group>";
		};
		519E21E228733B4000DADA73 /* Response */ = {
			isa = PBXGroup;
			children = (
				511C67842891C4A4004D18C9 /* Cookie.swift */,
				519E21E328733B5700DADA73 /* MovieResponse.swift */,
				511C677C288E7E9D004D18C9 /* VideoResponse.swift */,
			);
			path = Response;
			sourceTree = "<group>";
		};
		519E21EE2873605800DADA73 /* Home */ = {
			isa = PBXGroup;
			children = (
				519E2230287732D100DADA73 /* Components */,
				519E21EF2873606A00DADA73 /* HomeReactor.swift */,
				519E21F02873606A00DADA73 /* HomeVC.swift */,
				519E21F12873606A00DADA73 /* HomeView.swift */,
				511C676E28853FB6004D18C9 /* HomeCoordinator.swift */,
			);
			path = Home;
			sourceTree = "<group>";
		};
		519E21F52873608100DADA73 /* Launch */ = {
			isa = PBXGroup;
			children = (
				519E21F72873608C00DADA73 /* LaunchVC.swift */,
				519E21F62873608C00DADA73 /* LaunchView.swift */,
				519E21F82873608C00DADA73 /* LaunchViewModel.swift */,
			);
			path = Launch;
			sourceTree = "<group>";
		};
		519E21FC287360A700DADA73 /* Tabbar */ = {
			isa = PBXGroup;
			children = (
				519E21FD287360B000DADA73 /* TabBarVC.swift */,
			);
			path = Tabbar;
			sourceTree = "<group>";
		};
		519E21FF287360CE00DADA73 /* Base */ = {
			isa = PBXGroup;
			children = (
				519E2201287360DD00DADA73 /* BaseCollectionViewCell.swift */,
				519E2203287360DD00DADA73 /* BaseReactor.swift */,
				519E2200287360DD00DADA73 /* BaseVC.swift */,
				519E2204287360DD00DADA73 /* BaseView.swift */,
				519E2202287360DD00DADA73 /* BaseViewModel.swift */,
			);
			path = Base;
			sourceTree = "<group>";
		};
		519E220A2873611900DADA73 /* Service */ = {
			isa = PBXGroup;
			children = (
				519E220B2873613000DADA73 /* MovieService.swift */,
			);
			path = Service;
			sourceTree = "<group>";
		};
		519E220D2873614900DADA73 /* Util */ = {
			isa = PBXGroup;
			children = (
				519E220E2873615D00DADA73 /* HTTPUtils.swift */,
				519E222E2877132600DADA73 /* MyLogger.swift */,
				519E222A2875DE9500DADA73 /* Storage.swift */,
			);
			path = Util;
			sourceTree = "<group>";
		};
		519E221228736AD400DADA73 /* Error */ = {
			isa = PBXGroup;
			children = (
			);
			path = Error;
			sourceTree = "<group>";
		};
		519E221528736B6300DADA73 /* Shared */ = {
			isa = PBXGroup;
			children = (
				519E221628736B7300DADA73 /* LoadingView.swift */,
				511C677028853FFC004D18C9 /* Coordinator.swift */,
			);
			path = Shared;
			sourceTree = "<group>";
		};
		519E22232873790300DADA73 /* Resource */ = {
			isa = PBXGroup;
			children = (
				51BBD1242872E37900BBE992 /* Assets.xcassets */,
				519E221928736DD500DADA73 /* Colors.xcassets */,
				511C6796289BC59E004D18C9 /* EatingCookie.json */,
				519E21E92873516A00DADA73 /* Jalnan.ttf */,
				519E2238287740CB00DADA73 /* NotoSansKR-Bold.otf */,
				519E2237287740CB00DADA73 /* NotoSansKR-Medium.otf */,
				519E2236287740CB00DADA73 /* NotoSansKR-Regular.otf */,
			);
			path = Resource;
			sourceTree = "<group>";
		};
		519E2230287732D100DADA73 /* Components */ = {
			isa = PBXGroup;
			children = (
				519E22312877335700DADA73 /* MovieCell.swift */,
				511C67692883CCD2004D18C9 /* SearchMovieCell.swift */,
				519E22432877749300DADA73 /* HomeHorizontalFlowLayout.swift */,
				511C67672883C970004D18C9 /* HomeVerticalFlowLayout.swift */,
				511C676528819662004D18C9 /* SearchButton.swift */,
			);
			path = Components;
			sourceTree = "<group>";
		};
		519E22332877344400DADA73 /* Extension */ = {
			isa = PBXGroup;
			children = (
				519E22342877347000DADA73 /* UIFontExtension.swift */,
				511C676128817C7C004D18C9 /* UIColorExtension.swift */,
				519E223C2877424400DADA73 /* UIViewExtension.swift */,
				511C676328819557004D18C9 /* UIImageExtension.swift */,
			);
			path = Extension;
			sourceTree = "<group>";
		};
		519E223E2877458500DADA73 /* Presentation */ = {
			isa = PBXGroup;
			children = (
				519E21E62873502F00DADA73 /* Movie.swift */,
				511C677828893928004D18C9 /* TotalCookie.swift */,
				511C678B28992497004D18C9 /* User.swift */,
			);
			path = Presentation;
			sourceTree = "<group>";
		};
		51BBD10F2872E37800BBE992 = {
			isa = PBXGroup;
			children = (
				519E22262873862B00DADA73 /* R.generated.swift */,
				51BBD11A2872E37800BBE992 /* Cookie */,
				51BBD1192872E37800BBE992 /* Products */,
				B09A4D80DA1EA0B3A1173AF8 /* Pods */,
				84405D90A7DBCA2DD4CDBE59 /* Frameworks */,
			);
			sourceTree = "<group>";
		};
		51BBD1192872E37800BBE992 /* Products */ = {
			isa = PBXGroup;
			children = (
				51BBD1182872E37800BBE992 /* Cookie.app */,
			);
			name = Products;
			sourceTree = "<group>";
		};
		51BBD11A2872E37800BBE992 /* Cookie */ = {
			isa = PBXGroup;
			children = (
				51BBD11B2872E37800BBE992 /* AppDelegate.swift */,
				51BBD11D2872E37800BBE992 /* SceneDelegate.swift */,
				519E22332877344400DADA73 /* Extension */,
				519E21DF28733AEE00DADA73 /* Model */,
				519E220A2873611900DADA73 /* Service */,
				519E220D2873614900DADA73 /* Util */,
				519E21D4287316DB00DADA73 /* Domain */,
				519E22232873790300DADA73 /* Resource */,
				51BBD1262872E37900BBE992 /* LaunchScreen.storyboard */,
				51BBD1292872E37900BBE992 /* Info.plist */,
				511C67862892786B004D18C9 /* GoogleService-Info.plist */,
			);
			path = Cookie;
			sourceTree = "<group>";
		};
		84405D90A7DBCA2DD4CDBE59 /* Frameworks */ = {
			isa = PBXGroup;
			children = (
				FD032981DB6DD526641C3940 /* Pods_Cookie.framework */,
			);
			name = Frameworks;
			sourceTree = "<group>";
		};
		B09A4D80DA1EA0B3A1173AF8 /* Pods */ = {
			isa = PBXGroup;
			children = (
				F8B9C5415B4C8B993136D88E /* Pods-Cookie.debug.xcconfig */,
				2C792B62BB27596C13DAFBFF /* Pods-Cookie.release.xcconfig */,
			);
			path = Pods;
			sourceTree = "<group>";
		};
/* End PBXGroup section */

/* Begin PBXNativeTarget section */
		51BBD1172872E37800BBE992 /* Cookie */ = {
			isa = PBXNativeTarget;
			buildConfigurationList = 51BBD12C2872E37900BBE992 /* Build configuration list for PBXNativeTarget "Cookie" */;
			buildPhases = (
				C408100A76B0CB6434DBAA91 /* [CP] Check Pods Manifest.lock */,
				519E221F287372BD00DADA73 /* ShellScript */,
				51BBD1142872E37800BBE992 /* Sources */,
				51BBD1152872E37800BBE992 /* Frameworks */,
				51BBD1162872E37800BBE992 /* Resources */,
				158082EB4F02D2B231C806E5 /* [CP] Embed Pods Frameworks */,
			);
			buildRules = (
			);
			dependencies = (
			);
			name = Cookie;
			productName = Cookie;
			productReference = 51BBD1182872E37800BBE992 /* Cookie.app */;
			productType = "com.apple.product-type.application";
		};
/* End PBXNativeTarget section */

/* Begin PBXProject section */
		51BBD1102872E37800BBE992 /* Project object */ = {
			isa = PBXProject;
			attributes = {
				BuildIndependentTargetsInParallel = 1;
				LastSwiftUpdateCheck = 1340;
				LastUpgradeCheck = 1340;
				TargetAttributes = {
					51BBD1172872E37800BBE992 = {
						CreatedOnToolsVersion = 13.4.1;
					};
				};
			};
			buildConfigurationList = 51BBD1132872E37800BBE992 /* Build configuration list for PBXProject "Cookie" */;
			compatibilityVersion = "Xcode 13.0";
			developmentRegion = en;
			hasScannedForEncodings = 0;
			knownRegions = (
				en,
				Base,
			);
			mainGroup = 51BBD10F2872E37800BBE992;
			productRefGroup = 51BBD1192872E37800BBE992 /* Products */;
			projectDirPath = "";
			projectRoot = "";
			targets = (
				51BBD1172872E37800BBE992 /* Cookie */,
			);
		};
/* End PBXProject section */

/* Begin PBXResourcesBuildPhase section */
		51BBD1162872E37800BBE992 /* Resources */ = {
			isa = PBXResourcesBuildPhase;
			buildActionMask = 2147483647;
			files = (
				519E22222873756900DADA73 /* Jalnan.ttf in Resources */,
				511C6797289BC59E004D18C9 /* EatingCookie.json in Resources */,
				51BBD1282872E37900BBE992 /* LaunchScreen.storyboard in Resources */,
				519E2239287740DC00DADA73 /* NotoSansKR-Medium.otf in Resources */,
				511C67872892786B004D18C9 /* GoogleService-Info.plist in Resources */,
				519E221A28736DD500DADA73 /* Colors.xcassets in Resources */,
				519E223A287740DE00DADA73 /* NotoSansKR-Bold.otf in Resources */,
				51BBD1252872E37900BBE992 /* Assets.xcassets in Resources */,
				519E223B287740E000DADA73 /* NotoSansKR-Regular.otf in Resources */,
			);
			runOnlyForDeploymentPostprocessing = 0;
		};
/* End PBXResourcesBuildPhase section */

/* Begin PBXShellScriptBuildPhase section */
		158082EB4F02D2B231C806E5 /* [CP] Embed Pods Frameworks */ = {
			isa = PBXShellScriptBuildPhase;
			buildActionMask = 2147483647;
			files = (
			);
			inputFileListPaths = (
				"${PODS_ROOT}/Target Support Files/Pods-Cookie/Pods-Cookie-frameworks-${CONFIGURATION}-input-files.xcfilelist",
			);
			name = "[CP] Embed Pods Frameworks";
			outputFileListPaths = (
				"${PODS_ROOT}/Target Support Files/Pods-Cookie/Pods-Cookie-frameworks-${CONFIGURATION}-output-files.xcfilelist",
			);
			runOnlyForDeploymentPostprocessing = 0;
			shellPath = /bin/sh;
			shellScript = "\"${PODS_ROOT}/Target Support Files/Pods-Cookie/Pods-Cookie-frameworks.sh\"\n";
			showEnvVarsInLog = 0;
		};
		519E221F287372BD00DADA73 /* ShellScript */ = {
			isa = PBXShellScriptBuildPhase;
			buildActionMask = 2147483647;
			files = (
			);
			inputFileListPaths = (
			);
			inputPaths = (
				"$TEMP_DIR/rswift-lastrun",
			);
			outputFileListPaths = (
			);
			outputPaths = (
				$SRCROOT/R.generated.swift,
			);
			runOnlyForDeploymentPostprocessing = 0;
			shellPath = /bin/sh;
			shellScript = "\"$PODS_ROOT/R.swift/rswift\" generate \"$SRCROOT/R.generated.swift\"\n";
		};
		C408100A76B0CB6434DBAA91 /* [CP] Check Pods Manifest.lock */ = {
			isa = PBXShellScriptBuildPhase;
			buildActionMask = 2147483647;
			files = (
			);
			inputFileListPaths = (
			);
			inputPaths = (
				"${PODS_PODFILE_DIR_PATH}/Podfile.lock",
				"${PODS_ROOT}/Manifest.lock",
			);
			name = "[CP] Check Pods Manifest.lock";
			outputFileListPaths = (
			);
			outputPaths = (
				"$(DERIVED_FILE_DIR)/Pods-Cookie-checkManifestLockResult.txt",
			);
			runOnlyForDeploymentPostprocessing = 0;
			shellPath = /bin/sh;
			shellScript = "diff \"${PODS_PODFILE_DIR_PATH}/Podfile.lock\" \"${PODS_ROOT}/Manifest.lock\" > /dev/null\nif [ $? != 0 ] ; then\n    # print error to STDERR\n    echo \"error: The sandbox is not in sync with the Podfile.lock. Run 'pod install' or update your CocoaPods installation.\" >&2\n    exit 1\nfi\n# This output is used by Xcode 'outputs' to avoid re-running this script phase.\necho \"SUCCESS\" > \"${SCRIPT_OUTPUT_FILE_0}\"\n";
			showEnvVarsInLog = 0;
		};
/* End PBXShellScriptBuildPhase section */

/* Begin PBXSourcesBuildPhase section */
		51BBD1142872E37800BBE992 /* Sources */ = {
			isa = PBXSourcesBuildPhase;
			buildActionMask = 2147483647;
			files = (
				519E21F42873606A00DADA73 /* HomeView.swift in Sources */,
				511C676D28853F9A004D18C9 /* DetailVC.swift in Sources */,
				519E21F92873608C00DADA73 /* LaunchView.swift in Sources */,
				519E21F32873606A00DADA73 /* HomeVC.swift in Sources */,
				511C678F28999286004D18C9 /* Slider.swift in Sources */,
				519E22442877749300DADA73 /* HomeHorizontalFlowLayout.swift in Sources */,
				511C67852891C4A4004D18C9 /* Cookie.swift in Sources */,
				519E21FA2873608C00DADA73 /* LaunchVC.swift in Sources */,
				519E2207287360DD00DADA73 /* BaseViewModel.swift in Sources */,
				519E2206287360DD00DADA73 /* BaseCollectionViewCell.swift in Sources */,
				511C677128853FFC004D18C9 /* Coordinator.swift in Sources */,
				511C677B288B0EFA004D18C9 /* RevisionedData.swift in Sources */,
				519E2205287360DD00DADA73 /* BaseVC.swift in Sources */,
				51BBD11C2872E37800BBE992 /* AppDelegate.swift in Sources */,
				519E21F22873606A00DADA73 /* HomeReactor.swift in Sources */,
				519E22272873862B00DADA73 /* R.generated.swift in Sources */,
				511C676F28853FB6004D18C9 /* HomeCoordinator.swift in Sources */,
				511C676A2883CCD2004D18C9 /* SearchMovieCell.swift in Sources */,
				519E220C2873613000DADA73 /* MovieService.swift in Sources */,
				519E21E82873502F00DADA73 /* Movie.swift in Sources */,
				519E22352877347000DADA73 /* UIFontExtension.swift in Sources */,
				519E22322877335700DADA73 /* MovieCell.swift in Sources */,
				519E221428736AEC00DADA73 /* CommonError.swift in Sources */,
				511C67682883C970004D18C9 /* HomeVerticalFlowLayout.swift in Sources */,
				511C676228817C7D004D18C9 /* UIColorExtension.swift in Sources */,
				519E223D2877424400DADA73 /* UIViewExtension.swift in Sources */,
				519E21FE287360B000DADA73 /* TabBarVC.swift in Sources */,
				519E2208287360DD00DADA73 /* BaseReactor.swift in Sources */,
				511C677328854273004D18C9 /* DetailView.swift in Sources */,
				519E222F2877132600DADA73 /* MyLogger.swift in Sources */,
				519E222B2875DE9500DADA73 /* Storage.swift in Sources */,
				511C6775288542DA004D18C9 /* DetailReactor.swift in Sources */,
				51BBD11E2872E37800BBE992 /* SceneDelegate.swift in Sources */,
				511C678C28992497004D18C9 /* User.swift in Sources */,
				511C677D288E7E9D004D18C9 /* VideoResponse.swift in Sources */,
				519E220F2873615D00DADA73 /* HTTPUtils.swift in Sources */,
				519E21E72873502F00DADA73 /* TabBarTag.swift in Sources */,
				519E2209287360DD00DADA73 /* BaseView.swift in Sources */,
				511C677F288EEF89004D18C9 /* Key.swift in Sources */,
				511C677928893928004D18C9 /* TotalCookie.swift in Sources */,
				519E21E428733B5700DADA73 /* MovieResponse.swift in Sources */,
				519E21FB2873608C00DADA73 /* LaunchViewModel.swift in Sources */,
				519E221728736B7300DADA73 /* LoadingView.swift in Sources */,
				511C676428819557004D18C9 /* UIImageExtension.swift in Sources */,
				511C676628819662004D18C9 /* SearchButton.swift in Sources */,
			);
			runOnlyForDeploymentPostprocessing = 0;
		};
/* End PBXSourcesBuildPhase section */

/* Begin PBXVariantGroup section */
		51BBD1262872E37900BBE992 /* LaunchScreen.storyboard */ = {
			isa = PBXVariantGroup;
			children = (
				51BBD1272872E37900BBE992 /* Base */,
			);
			name = LaunchScreen.storyboard;
			sourceTree = "<group>";
		};
/* End PBXVariantGroup section */

/* Begin XCBuildConfiguration section */
		51BBD12A2872E37900BBE992 /* Debug */ = {
			isa = XCBuildConfiguration;
			buildSettings = {
				ALWAYS_SEARCH_USER_PATHS = NO;
				CLANG_ANALYZER_NONNULL = YES;
				CLANG_ANALYZER_NUMBER_OBJECT_CONVERSION = YES_AGGRESSIVE;
				CLANG_CXX_LANGUAGE_STANDARD = "gnu++17";
				CLANG_ENABLE_MODULES = YES;
				CLANG_ENABLE_OBJC_ARC = YES;
				CLANG_ENABLE_OBJC_WEAK = YES;
				CLANG_WARN_BLOCK_CAPTURE_AUTORELEASING = YES;
				CLANG_WARN_BOOL_CONVERSION = YES;
				CLANG_WARN_COMMA = YES;
				CLANG_WARN_CONSTANT_CONVERSION = YES;
				CLANG_WARN_DEPRECATED_OBJC_IMPLEMENTATIONS = YES;
				CLANG_WARN_DIRECT_OBJC_ISA_USAGE = YES_ERROR;
				CLANG_WARN_DOCUMENTATION_COMMENTS = YES;
				CLANG_WARN_EMPTY_BODY = YES;
				CLANG_WARN_ENUM_CONVERSION = YES;
				CLANG_WARN_INFINITE_RECURSION = YES;
				CLANG_WARN_INT_CONVERSION = YES;
				CLANG_WARN_NON_LITERAL_NULL_CONVERSION = YES;
				CLANG_WARN_OBJC_IMPLICIT_RETAIN_SELF = YES;
				CLANG_WARN_OBJC_LITERAL_CONVERSION = YES;
				CLANG_WARN_OBJC_ROOT_CLASS = YES_ERROR;
				CLANG_WARN_QUOTED_INCLUDE_IN_FRAMEWORK_HEADER = YES;
				CLANG_WARN_RANGE_LOOP_ANALYSIS = YES;
				CLANG_WARN_STRICT_PROTOTYPES = YES;
				CLANG_WARN_SUSPICIOUS_MOVE = YES;
				CLANG_WARN_UNGUARDED_AVAILABILITY = YES_AGGRESSIVE;
				CLANG_WARN_UNREACHABLE_CODE = YES;
				CLANG_WARN__DUPLICATE_METHOD_MATCH = YES;
				COPY_PHASE_STRIP = NO;
				DEBUG_INFORMATION_FORMAT = dwarf;
				ENABLE_STRICT_OBJC_MSGSEND = YES;
				ENABLE_TESTABILITY = YES;
				GCC_C_LANGUAGE_STANDARD = gnu11;
				GCC_DYNAMIC_NO_PIC = NO;
				GCC_NO_COMMON_BLOCKS = YES;
				GCC_OPTIMIZATION_LEVEL = 0;
				GCC_PREPROCESSOR_DEFINITIONS = (
					"DEBUG=1",
					"$(inherited)",
				);
				GCC_WARN_64_TO_32_BIT_CONVERSION = YES;
				GCC_WARN_ABOUT_RETURN_TYPE = YES_ERROR;
				GCC_WARN_UNDECLARED_SELECTOR = YES;
				GCC_WARN_UNINITIALIZED_AUTOS = YES_AGGRESSIVE;
				GCC_WARN_UNUSED_FUNCTION = YES;
				GCC_WARN_UNUSED_VARIABLE = YES;
				IPHONEOS_DEPLOYMENT_TARGET = 15.0;
				MTL_ENABLE_DEBUG_INFO = INCLUDE_SOURCE;
				MTL_FAST_MATH = YES;
				ONLY_ACTIVE_ARCH = YES;
				SDKROOT = iphoneos;
				SWIFT_ACTIVE_COMPILATION_CONDITIONS = DEBUG;
				SWIFT_OPTIMIZATION_LEVEL = "-Onone";
			};
			name = Debug;
		};
		51BBD12B2872E37900BBE992 /* Release */ = {
			isa = XCBuildConfiguration;
			buildSettings = {
				ALWAYS_SEARCH_USER_PATHS = NO;
				CLANG_ANALYZER_NONNULL = YES;
				CLANG_ANALYZER_NUMBER_OBJECT_CONVERSION = YES_AGGRESSIVE;
				CLANG_CXX_LANGUAGE_STANDARD = "gnu++17";
				CLANG_ENABLE_MODULES = YES;
				CLANG_ENABLE_OBJC_ARC = YES;
				CLANG_ENABLE_OBJC_WEAK = YES;
				CLANG_WARN_BLOCK_CAPTURE_AUTORELEASING = YES;
				CLANG_WARN_BOOL_CONVERSION = YES;
				CLANG_WARN_COMMA = YES;
				CLANG_WARN_CONSTANT_CONVERSION = YES;
				CLANG_WARN_DEPRECATED_OBJC_IMPLEMENTATIONS = YES;
				CLANG_WARN_DIRECT_OBJC_ISA_USAGE = YES_ERROR;
				CLANG_WARN_DOCUMENTATION_COMMENTS = YES;
				CLANG_WARN_EMPTY_BODY = YES;
				CLANG_WARN_ENUM_CONVERSION = YES;
				CLANG_WARN_INFINITE_RECURSION = YES;
				CLANG_WARN_INT_CONVERSION = YES;
				CLANG_WARN_NON_LITERAL_NULL_CONVERSION = YES;
				CLANG_WARN_OBJC_IMPLICIT_RETAIN_SELF = YES;
				CLANG_WARN_OBJC_LITERAL_CONVERSION = YES;
				CLANG_WARN_OBJC_ROOT_CLASS = YES_ERROR;
				CLANG_WARN_QUOTED_INCLUDE_IN_FRAMEWORK_HEADER = YES;
				CLANG_WARN_RANGE_LOOP_ANALYSIS = YES;
				CLANG_WARN_STRICT_PROTOTYPES = YES;
				CLANG_WARN_SUSPICIOUS_MOVE = YES;
				CLANG_WARN_UNGUARDED_AVAILABILITY = YES_AGGRESSIVE;
				CLANG_WARN_UNREACHABLE_CODE = YES;
				CLANG_WARN__DUPLICATE_METHOD_MATCH = YES;
				COPY_PHASE_STRIP = NO;
				DEBUG_INFORMATION_FORMAT = "dwarf-with-dsym";
				ENABLE_NS_ASSERTIONS = NO;
				ENABLE_STRICT_OBJC_MSGSEND = YES;
				GCC_C_LANGUAGE_STANDARD = gnu11;
				GCC_NO_COMMON_BLOCKS = YES;
				GCC_WARN_64_TO_32_BIT_CONVERSION = YES;
				GCC_WARN_ABOUT_RETURN_TYPE = YES_ERROR;
				GCC_WARN_UNDECLARED_SELECTOR = YES;
				GCC_WARN_UNINITIALIZED_AUTOS = YES_AGGRESSIVE;
				GCC_WARN_UNUSED_FUNCTION = YES;
				GCC_WARN_UNUSED_VARIABLE = YES;
				IPHONEOS_DEPLOYMENT_TARGET = 15.0;
				MTL_ENABLE_DEBUG_INFO = NO;
				MTL_FAST_MATH = YES;
				SDKROOT = iphoneos;
				SWIFT_COMPILATION_MODE = wholemodule;
				SWIFT_OPTIMIZATION_LEVEL = "-O";
				VALIDATE_PRODUCT = YES;
			};
			name = Release;
		};
		51BBD12D2872E37900BBE992 /* Debug */ = {
			isa = XCBuildConfiguration;
			baseConfigurationReference = F8B9C5415B4C8B993136D88E /* Pods-Cookie.debug.xcconfig */;
			buildSettings = {
				API_URL = "https://api.themoviedb.org/";
				ASSETCATALOG_COMPILER_APPICON_NAME = AppIcon;
				ASSETCATALOG_COMPILER_GLOBAL_ACCENT_COLOR_NAME = AccentColor;
				CODE_SIGN_STYLE = Automatic;
				CURRENT_PROJECT_VERSION = 1;
				DEVELOPMENT_TEAM = Z6ZLWTKRJ7;
				GENERATE_INFOPLIST_FILE = YES;
				INFOPLIST_FILE = Cookie/Info.plist;
				INFOPLIST_KEY_UIApplicationSupportsIndirectInputEvents = YES;
				INFOPLIST_KEY_UILaunchStoryboardName = LaunchScreen;
				INFOPLIST_KEY_UISupportedInterfaceOrientations_iPad = "UIInterfaceOrientationPortrait UIInterfaceOrientationPortraitUpsideDown UIInterfaceOrientationLandscapeLeft UIInterfaceOrientationLandscapeRight";
				INFOPLIST_KEY_UISupportedInterfaceOrientations_iPhone = "UIInterfaceOrientationPortrait UIInterfaceOrientationLandscapeLeft UIInterfaceOrientationLandscapeRight";
				LD_RUNPATH_SEARCH_PATHS = (
					"$(inherited)",
					"@executable_path/Frameworks",
				);
				MARKETING_VERSION = 1.0;
				PRODUCT_BUNDLE_IDENTIFIER = "io.github.yi-sang.Cookie";
				PRODUCT_NAME = "$(TARGET_NAME)";
				SWIFT_EMIT_LOC_STRINGS = YES;
				SWIFT_VERSION = 5.0;
				TARGETED_DEVICE_FAMILY = "1,2";
			};
			name = Debug;
		};
		51BBD12E2872E37900BBE992 /* Release */ = {
			isa = XCBuildConfiguration;
			baseConfigurationReference = 2C792B62BB27596C13DAFBFF /* Pods-Cookie.release.xcconfig */;
			buildSettings = {
				API_URL = "https://api.themoviedb.org/";
				ASSETCATALOG_COMPILER_APPICON_NAME = AppIcon;
				ASSETCATALOG_COMPILER_GLOBAL_ACCENT_COLOR_NAME = AccentColor;
				CODE_SIGN_STYLE = Automatic;
				CURRENT_PROJECT_VERSION = 1;
				DEVELOPMENT_TEAM = Z6ZLWTKRJ7;
				GENERATE_INFOPLIST_FILE = YES;
				INFOPLIST_FILE = Cookie/Info.plist;
				INFOPLIST_KEY_UIApplicationSupportsIndirectInputEvents = YES;
				INFOPLIST_KEY_UILaunchStoryboardName = LaunchScreen;
				INFOPLIST_KEY_UISupportedInterfaceOrientations_iPad = "UIInterfaceOrientationPortrait UIInterfaceOrientationPortraitUpsideDown UIInterfaceOrientationLandscapeLeft UIInterfaceOrientationLandscapeRight";
				INFOPLIST_KEY_UISupportedInterfaceOrientations_iPhone = "UIInterfaceOrientationPortrait UIInterfaceOrientationLandscapeLeft UIInterfaceOrientationLandscapeRight";
				LD_RUNPATH_SEARCH_PATHS = (
					"$(inherited)",
					"@executable_path/Frameworks",
				);
				MARKETING_VERSION = 1.0;
				PRODUCT_BUNDLE_IDENTIFIER = "io.github.yi-sang.Cookie";
				PRODUCT_NAME = "$(TARGET_NAME)";
				SWIFT_EMIT_LOC_STRINGS = YES;
				SWIFT_VERSION = 5.0;
				TARGETED_DEVICE_FAMILY = "1,2";
			};
			name = Release;
		};
/* End XCBuildConfiguration section */

/* Begin XCConfigurationList section */
		51BBD1132872E37800BBE992 /* Build configuration list for PBXProject "Cookie" */ = {
			isa = XCConfigurationList;
			buildConfigurations = (
				51BBD12A2872E37900BBE992 /* Debug */,
				51BBD12B2872E37900BBE992 /* Release */,
			);
			defaultConfigurationIsVisible = 0;
			defaultConfigurationName = Release;
		};
		51BBD12C2872E37900BBE992 /* Build configuration list for PBXNativeTarget "Cookie" */ = {
			isa = XCConfigurationList;
			buildConfigurations = (
				51BBD12D2872E37900BBE992 /* Debug */,
				51BBD12E2872E37900BBE992 /* Release */,
			);
			defaultConfigurationIsVisible = 0;
			defaultConfigurationName = Release;
		};
/* End XCConfigurationList section */
	};
	rootObject = 51BBD1102872E37800BBE992 /* Project object */;
}
