// !$*UTF8*$!
{
	archiveVersion = 1;
	classes = {
	};
	objectVersion = 55;
	objects = {

/* Begin PBXBuildFile section */
		519E21D3287316CC00DADA73 /* Launch in Resources */ = {isa = PBXBuildFile; fileRef = 519E21D2287316CC00DADA73 /* Launch */; };
		519E21D6287317F100DADA73 /* Tabbar in Resources */ = {isa = PBXBuildFile; fileRef = 519E21D5287317F100DADA73 /* Tabbar */; };
		519E21D82873358C00DADA73 /* Base in Resources */ = {isa = PBXBuildFile; fileRef = 519E21D72873358C00DADA73 /* Base */; };
		519E21DA2873399D00DADA73 /* Util in Resources */ = {isa = PBXBuildFile; fileRef = 519E21D92873399D00DADA73 /* Util */; };
		519E21DE28733A7100DADA73 /* Services in Resources */ = {isa = PBXBuildFile; fileRef = 519E21DC28733A7100DADA73 /* Services */; };
		519E21E428733B5700DADA73 /* MovieResponse.swift in Sources */ = {isa = PBXBuildFile; fileRef = 519E21E328733B5700DADA73 /* MovieResponse.swift */; };
		519E21E72873502F00DADA73 /* TabBarTag.swift in Sources */ = {isa = PBXBuildFile; fileRef = 519E21E52873502E00DADA73 /* TabBarTag.swift */; };
		519E21E82873502F00DADA73 /* Movie.swift in Sources */ = {isa = PBXBuildFile; fileRef = 519E21E62873502F00DADA73 /* Movie.swift */; };
		51BBD11C2872E37800BBE992 /* AppDelegate.swift in Sources */ = {isa = PBXBuildFile; fileRef = 51BBD11B2872E37800BBE992 /* AppDelegate.swift */; };
		51BBD11E2872E37800BBE992 /* SceneDelegate.swift in Sources */ = {isa = PBXBuildFile; fileRef = 51BBD11D2872E37800BBE992 /* SceneDelegate.swift */; };
		51BBD1202872E37800BBE992 /* ViewController.swift in Sources */ = {isa = PBXBuildFile; fileRef = 51BBD11F2872E37800BBE992 /* ViewController.swift */; };
		51BBD1232872E37800BBE992 /* Main.storyboard in Resources */ = {isa = PBXBuildFile; fileRef = 51BBD1212872E37800BBE992 /* Main.storyboard */; };
		51BBD1252872E37900BBE992 /* Assets.xcassets in Resources */ = {isa = PBXBuildFile; fileRef = 51BBD1242872E37900BBE992 /* Assets.xcassets */; };
		51BBD1282872E37900BBE992 /* LaunchScreen.storyboard in Resources */ = {isa = PBXBuildFile; fileRef = 51BBD1262872E37900BBE992 /* LaunchScreen.storyboard */; };
		5A673F69290BE3589009097E /* Pods_Cookie.framework in Frameworks */ = {isa = PBXBuildFile; fileRef = FD032981DB6DD526641C3940 /* Pods_Cookie.framework */; };
/* End PBXBuildFile section */

/* Begin PBXFileReference section */
		2C792B62BB27596C13DAFBFF /* Pods-Cookie.release.xcconfig */ = {isa = PBXFileReference; includeInIndex = 1; lastKnownFileType = text.xcconfig; name = "Pods-Cookie.release.xcconfig"; path = "Target Support Files/Pods-Cookie/Pods-Cookie.release.xcconfig"; sourceTree = "<group>"; };
		519E21D2287316CC00DADA73 /* Launch */ = {isa = PBXFileReference; lastKnownFileType = folder; path = Launch; sourceTree = "<group>"; };
		519E21D5287317F100DADA73 /* Tabbar */ = {isa = PBXFileReference; lastKnownFileType = folder; path = Tabbar; sourceTree = "<group>"; };
		519E21D72873358C00DADA73 /* Base */ = {isa = PBXFileReference; lastKnownFileType = folder; path = Base; sourceTree = "<group>"; };
		519E21D92873399D00DADA73 /* Util */ = {isa = PBXFileReference; lastKnownFileType = folder; path = Util; sourceTree = "<group>"; };
		519E21DC28733A7100DADA73 /* Services */ = {isa = PBXFileReference; lastKnownFileType = folder; path = Services; sourceTree = "<group>"; };
		519E21E328733B5700DADA73 /* MovieResponse.swift */ = {isa = PBXFileReference; fileEncoding = 4; lastKnownFileType = sourcecode.swift; path = MovieResponse.swift; sourceTree = "<group>"; };
		519E21E52873502E00DADA73 /* TabBarTag.swift */ = {isa = PBXFileReference; fileEncoding = 4; lastKnownFileType = sourcecode.swift; path = TabBarTag.swift; sourceTree = "<group>"; };
		519E21E62873502F00DADA73 /* Movie.swift */ = {isa = PBXFileReference; fileEncoding = 4; lastKnownFileType = sourcecode.swift; path = Movie.swift; sourceTree = "<group>"; };
		51BBD1182872E37800BBE992 /* Cookie.app */ = {isa = PBXFileReference; explicitFileType = wrapper.application; includeInIndex = 0; path = Cookie.app; sourceTree = BUILT_PRODUCTS_DIR; };
		51BBD11B2872E37800BBE992 /* AppDelegate.swift */ = {isa = PBXFileReference; lastKnownFileType = sourcecode.swift; path = AppDelegate.swift; sourceTree = "<group>"; };
		51BBD11D2872E37800BBE992 /* SceneDelegate.swift */ = {isa = PBXFileReference; lastKnownFileType = sourcecode.swift; path = SceneDelegate.swift; sourceTree = "<group>"; };
		51BBD11F2872E37800BBE992 /* ViewController.swift */ = {isa = PBXFileReference; lastKnownFileType = sourcecode.swift; path = ViewController.swift; sourceTree = "<group>"; };
		51BBD1222872E37800BBE992 /* Base */ = {isa = PBXFileReference; lastKnownFileType = file.storyboard; name = Base; path = Base.lproj/Main.storyboard; sourceTree = "<group>"; };
		51BBD1242872E37900BBE992 /* Assets.xcassets */ = {isa = PBXFileReference; lastKnownFileType = folder.assetcatalog; path = Assets.xcassets; sourceTree = "<group>"; };
		51BBD1272872E37900BBE992 /* Base */ = {isa = PBXFileReference; lastKnownFileType = file.storyboard; name = Base; path = Base.lproj/LaunchScreen.storyboard; sourceTree = "<group>"; };
		51BBD1292872E37900BBE992 /* Info.plist */ = {isa = PBXFileReference; lastKnownFileType = text.plist.xml; path = Info.plist; sourceTree = "<group>"; };
		F8B9C5415B4C8B993136D88E /* Pods-Cookie.debug.xcconfig */ = {isa = PBXFileReference; includeInIndex = 1; lastKnownFileType = text.xcconfig; name = "Pods-Cookie.debug.xcconfig"; path = "Target Support Files/Pods-Cookie/Pods-Cookie.debug.xcconfig"; sourceTree = "<group>"; };
		FD032981DB6DD526641C3940 /* Pods_Cookie.framework */ = {isa = PBXFileReference; explicitFileType = wrapper.framework; includeInIndex = 0; path = Pods_Cookie.framework; sourceTree = BUILT_PRODUCTS_DIR; };
/* End PBXFileReference section */

/* Begin PBXFrameworksBuildPhase section */
		51BBD1152872E37800BBE992 /* Frameworks */ = {
			isa = PBXFrameworksBuildPhase;
			buildActionMask = 2147483647;
			files = (
				5A673F69290BE3589009097E /* Pods_Cookie.framework in Frameworks */,
			);
			runOnlyForDeploymentPostprocessing = 0;
		};
/* End PBXFrameworksBuildPhase section */

/* Begin PBXGroup section */
		519E21D4287316DB00DADA73 /* Domain */ = {
			isa = PBXGroup;
			children = (
				519E21D2287316CC00DADA73 /* Launch */,
				519E21D5287317F100DADA73 /* Tabbar */,
				519E21D72873358C00DADA73 /* Base */,
			);
			path = Domain;
			sourceTree = "<group>";
		};
		519E21DF28733AEE00DADA73 /* Model */ = {
			isa = PBXGroup;
			children = (
				519E21E62873502F00DADA73 /* Movie.swift */,
				519E21E52873502E00DADA73 /* TabBarTag.swift */,
				519E21E028733AFF00DADA73 /* Dto */,
			);
			path = Model;
			sourceTree = "<group>";
		};
		519E21E028733AFF00DADA73 /* Dto */ = {
			isa = PBXGroup;
			children = (
				519E21E128733B2100DADA73 /* Request */,
				519E21E228733B4000DADA73 /* Response */,
			);
			path = Dto;
			sourceTree = "<group>";
		};
		519E21E128733B2100DADA73 /* Request */ = {
			isa = PBXGroup;
			children = (
			);
			path = Request;
			sourceTree = "<group>";
		};
		519E21E228733B4000DADA73 /* Response */ = {
			isa = PBXGroup;
			children = (
				519E21E328733B5700DADA73 /* MovieResponse.swift */,
			);
			path = Response;
			sourceTree = "<group>";
		};
		51BBD10F2872E37800BBE992 = {
			isa = PBXGroup;
			children = (
				51BBD11A2872E37800BBE992 /* Cookie */,
				51BBD1192872E37800BBE992 /* Products */,
				B09A4D80DA1EA0B3A1173AF8 /* Pods */,
				84405D90A7DBCA2DD4CDBE59 /* Frameworks */,
			);
			sourceTree = "<group>";
		};
		51BBD1192872E37800BBE992 /* Products */ = {
			isa = PBXGroup;
			children = (
				51BBD1182872E37800BBE992 /* Cookie.app */,
			);
			name = Products;
			sourceTree = "<group>";
		};
		51BBD11A2872E37800BBE992 /* Cookie */ = {
			isa = PBXGroup;
			children = (
				51BBD11B2872E37800BBE992 /* AppDelegate.swift */,
				51BBD11D2872E37800BBE992 /* SceneDelegate.swift */,
				51BBD11F2872E37800BBE992 /* ViewController.swift */,
				51BBD1212872E37800BBE992 /* Main.storyboard */,
				519E21DF28733AEE00DADA73 /* Model */,
				519E21DC28733A7100DADA73 /* Services */,
				519E21D92873399D00DADA73 /* Util */,
				519E21D4287316DB00DADA73 /* Domain */,
				51BBD1242872E37900BBE992 /* Assets.xcassets */,
				51BBD1262872E37900BBE992 /* LaunchScreen.storyboard */,
				51BBD1292872E37900BBE992 /* Info.plist */,
			);
			path = Cookie;
			sourceTree = "<group>";
		};
		84405D90A7DBCA2DD4CDBE59 /* Frameworks */ = {
			isa = PBXGroup;
			children = (
				FD032981DB6DD526641C3940 /* Pods_Cookie.framework */,
			);
			name = Frameworks;
			sourceTree = "<group>";
		};
		B09A4D80DA1EA0B3A1173AF8 /* Pods */ = {
			isa = PBXGroup;
			children = (
				F8B9C5415B4C8B993136D88E /* Pods-Cookie.debug.xcconfig */,
				2C792B62BB27596C13DAFBFF /* Pods-Cookie.release.xcconfig */,
			);
			path = Pods;
			sourceTree = "<group>";
		};
/* End PBXGroup section */

/* Begin PBXNativeTarget section */
		51BBD1172872E37800BBE992 /* Cookie */ = {
			isa = PBXNativeTarget;
			buildConfigurationList = 51BBD12C2872E37900BBE992 /* Build configuration list for PBXNativeTarget "Cookie" */;
			buildPhases = (
				C408100A76B0CB6434DBAA91 /* [CP] Check Pods Manifest.lock */,
				51BBD1142872E37800BBE992 /* Sources */,
				51BBD1152872E37800BBE992 /* Frameworks */,
				51BBD1162872E37800BBE992 /* Resources */,
				158082EB4F02D2B231C806E5 /* [CP] Embed Pods Frameworks */,
			);
			buildRules = (
			);
			dependencies = (
			);
			name = Cookie;
			productName = Cookie;
			productReference = 51BBD1182872E37800BBE992 /* Cookie.app */;
			productType = "com.apple.product-type.application";
		};
/* End PBXNativeTarget section */

/* Begin PBXProject section */
		51BBD1102872E37800BBE992 /* Project object */ = {
			isa = PBXProject;
			attributes = {
				BuildIndependentTargetsInParallel = 1;
				LastSwiftUpdateCheck = 1340;
				LastUpgradeCheck = 1340;
				TargetAttributes = {
					51BBD1172872E37800BBE992 = {
						CreatedOnToolsVersion = 13.4.1;
					};
				};
			};
			buildConfigurationList = 51BBD1132872E37800BBE992 /* Build configuration list for PBXProject "Cookie" */;
			compatibilityVersion = "Xcode 13.0";
			developmentRegion = en;
			hasScannedForEncodings = 0;
			knownRegions = (
				en,
				Base,
			);
			mainGroup = 51BBD10F2872E37800BBE992;
			productRefGroup = 51BBD1192872E37800BBE992 /* Products */;
			projectDirPath = "";
			projectRoot = "";
			targets = (
				51BBD1172872E37800BBE992 /* Cookie */,
			);
		};
/* End PBXProject section */

/* Begin PBXResourcesBuildPhase section */
		51BBD1162872E37800BBE992 /* Resources */ = {
			isa = PBXResourcesBuildPhase;
			buildActionMask = 2147483647;
			files = (
				519E21D6287317F100DADA73 /* Tabbar in Resources */,
				519E21D82873358C00DADA73 /* Base in Resources */,
				519E21DA2873399D00DADA73 /* Util in Resources */,
				51BBD1282872E37900BBE992 /* LaunchScreen.storyboard in Resources */,
				519E21DE28733A7100DADA73 /* Services in Resources */,
				519E21D3287316CC00DADA73 /* Launch in Resources */,
				51BBD1252872E37900BBE992 /* Assets.xcassets in Resources */,
				51BBD1232872E37800BBE992 /* Main.storyboard in Resources */,
			);
			runOnlyForDeploymentPostprocessing = 0;
		};
/* End PBXResourcesBuildPhase section */

/* Begin PBXShellScriptBuildPhase section */
		158082EB4F02D2B231C806E5 /* [CP] Embed Pods Frameworks */ = {
			isa = PBXShellScriptBuildPhase;
			buildActionMask = 2147483647;
			files = (
			);
			inputFileListPaths = (
				"${PODS_ROOT}/Target Support Files/Pods-Cookie/Pods-Cookie-frameworks-${CONFIGURATION}-input-files.xcfilelist",
			);
			name = "[CP] Embed Pods Frameworks";
			outputFileListPaths = (
				"${PODS_ROOT}/Target Support Files/Pods-Cookie/Pods-Cookie-frameworks-${CONFIGURATION}-output-files.xcfilelist",
			);
			runOnlyForDeploymentPostprocessing = 0;
			shellPath = /bin/sh;
			shellScript = "\"${PODS_ROOT}/Target Support Files/Pods-Cookie/Pods-Cookie-frameworks.sh\"\n";
			showEnvVarsInLog = 0;
		};
		C408100A76B0CB6434DBAA91 /* [CP] Check Pods Manifest.lock */ = {
			isa = PBXShellScriptBuildPhase;
			buildActionMask = 2147483647;
			files = (
			);
			inputFileListPaths = (
			);
			inputPaths = (
				"${PODS_PODFILE_DIR_PATH}/Podfile.lock",
				"${PODS_ROOT}/Manifest.lock",
			);
			name = "[CP] Check Pods Manifest.lock";
			outputFileListPaths = (
			);
			outputPaths = (
				"$(DERIVED_FILE_DIR)/Pods-Cookie-checkManifestLockResult.txt",
			);
			runOnlyForDeploymentPostprocessing = 0;
			shellPath = /bin/sh;
			shellScript = "diff \"${PODS_PODFILE_DIR_PATH}/Podfile.lock\" \"${PODS_ROOT}/Manifest.lock\" > /dev/null\nif [ $? != 0 ] ; then\n    # print error to STDERR\n    echo \"error: The sandbox is not in sync with the Podfile.lock. Run 'pod install' or update your CocoaPods installation.\" >&2\n    exit 1\nfi\n# This output is used by Xcode 'outputs' to avoid re-running this script phase.\necho \"SUCCESS\" > \"${SCRIPT_OUTPUT_FILE_0}\"\n";
			showEnvVarsInLog = 0;
		};
/* End PBXShellScriptBuildPhase section */

/* Begin PBXSourcesBuildPhase section */
		51BBD1142872E37800BBE992 /* Sources */ = {
			isa = PBXSourcesBuildPhase;
			buildActionMask = 2147483647;
			files = (
				51BBD1202872E37800BBE992 /* ViewController.swift in Sources */,
				51BBD11C2872E37800BBE992 /* AppDelegate.swift in Sources */,
				519E21E82873502F00DADA73 /* Movie.swift in Sources */,
				51BBD11E2872E37800BBE992 /* SceneDelegate.swift in Sources */,
				519E21E72873502F00DADA73 /* TabBarTag.swift in Sources */,
				519E21E428733B5700DADA73 /* MovieResponse.swift in Sources */,
			);
			runOnlyForDeploymentPostprocessing = 0;
		};
/* End PBXSourcesBuildPhase section */

/* Begin PBXVariantGroup section */
		51BBD1212872E37800BBE992 /* Main.storyboard */ = {
			isa = PBXVariantGroup;
			children = (
				51BBD1222872E37800BBE992 /* Base */,
			);
			name = Main.storyboard;
			sourceTree = "<group>";
		};
		51BBD1262872E37900BBE992 /* LaunchScreen.storyboard */ = {
			isa = PBXVariantGroup;
			children = (
				51BBD1272872E37900BBE992 /* Base */,
			);
			name = LaunchScreen.storyboard;
			sourceTree = "<group>";
		};
/* End PBXVariantGroup section */

/* Begin XCBuildConfiguration section */
		51BBD12A2872E37900BBE992 /* Debug */ = {
			isa = XCBuildConfiguration;
			buildSettings = {
				ALWAYS_SEARCH_USER_PATHS = NO;
				CLANG_ANALYZER_NONNULL = YES;
				CLANG_ANALYZER_NUMBER_OBJECT_CONVERSION = YES_AGGRESSIVE;
				CLANG_CXX_LANGUAGE_STANDARD = "gnu++17";
				CLANG_ENABLE_MODULES = YES;
				CLANG_ENABLE_OBJC_ARC = YES;
				CLANG_ENABLE_OBJC_WEAK = YES;
				CLANG_WARN_BLOCK_CAPTURE_AUTORELEASING = YES;
				CLANG_WARN_BOOL_CONVERSION = YES;
				CLANG_WARN_COMMA = YES;
				CLANG_WARN_CONSTANT_CONVERSION = YES;
				CLANG_WARN_DEPRECATED_OBJC_IMPLEMENTATIONS = YES;
				CLANG_WARN_DIRECT_OBJC_ISA_USAGE = YES_ERROR;
				CLANG_WARN_DOCUMENTATION_COMMENTS = YES;
				CLANG_WARN_EMPTY_BODY = YES;
				CLANG_WARN_ENUM_CONVERSION = YES;
				CLANG_WARN_INFINITE_RECURSION = YES;
				CLANG_WARN_INT_CONVERSION = YES;
				CLANG_WARN_NON_LITERAL_NULL_CONVERSION = YES;
				CLANG_WARN_OBJC_IMPLICIT_RETAIN_SELF = YES;
				CLANG_WARN_OBJC_LITERAL_CONVERSION = YES;
				CLANG_WARN_OBJC_ROOT_CLASS = YES_ERROR;
				CLANG_WARN_QUOTED_INCLUDE_IN_FRAMEWORK_HEADER = YES;
				CLANG_WARN_RANGE_LOOP_ANALYSIS = YES;
				CLANG_WARN_STRICT_PROTOTYPES = YES;
				CLANG_WARN_SUSPICIOUS_MOVE = YES;
				CLANG_WARN_UNGUARDED_AVAILABILITY = YES_AGGRESSIVE;
				CLANG_WARN_UNREACHABLE_CODE = YES;
				CLANG_WARN__DUPLICATE_METHOD_MATCH = YES;
				COPY_PHASE_STRIP = NO;
				DEBUG_INFORMATION_FORMAT = dwarf;
				ENABLE_STRICT_OBJC_MSGSEND = YES;
				ENABLE_TESTABILITY = YES;
				GCC_C_LANGUAGE_STANDARD = gnu11;
				GCC_DYNAMIC_NO_PIC = NO;
				GCC_NO_COMMON_BLOCKS = YES;
				GCC_OPTIMIZATION_LEVEL = 0;
				GCC_PREPROCESSOR_DEFINITIONS = (
					"DEBUG=1",
					"$(inherited)",
				);
				GCC_WARN_64_TO_32_BIT_CONVERSION = YES;
				GCC_WARN_ABOUT_RETURN_TYPE = YES_ERROR;
				GCC_WARN_UNDECLARED_SELECTOR = YES;
				GCC_WARN_UNINITIALIZED_AUTOS = YES_AGGRESSIVE;
				GCC_WARN_UNUSED_FUNCTION = YES;
				GCC_WARN_UNUSED_VARIABLE = YES;
				IPHONEOS_DEPLOYMENT_TARGET = 15.5;
				MTL_ENABLE_DEBUG_INFO = INCLUDE_SOURCE;
				MTL_FAST_MATH = YES;
				ONLY_ACTIVE_ARCH = YES;
				SDKROOT = iphoneos;
				SWIFT_ACTIVE_COMPILATION_CONDITIONS = DEBUG;
				SWIFT_OPTIMIZATION_LEVEL = "-Onone";
			};
			name = Debug;
		};
		51BBD12B2872E37900BBE992 /* Release */ = {
			isa = XCBuildConfiguration;
			buildSettings = {
				ALWAYS_SEARCH_USER_PATHS = NO;
				CLANG_ANALYZER_NONNULL = YES;
				CLANG_ANALYZER_NUMBER_OBJECT_CONVERSION = YES_AGGRESSIVE;
				CLANG_CXX_LANGUAGE_STANDARD = "gnu++17";
				CLANG_ENABLE_MODULES = YES;
				CLANG_ENABLE_OBJC_ARC = YES;
				CLANG_ENABLE_OBJC_WEAK = YES;
				CLANG_WARN_BLOCK_CAPTURE_AUTORELEASING = YES;
				CLANG_WARN_BOOL_CONVERSION = YES;
				CLANG_WARN_COMMA = YES;
				CLANG_WARN_CONSTANT_CONVERSION = YES;
				CLANG_WARN_DEPRECATED_OBJC_IMPLEMENTATIONS = YES;
				CLANG_WARN_DIRECT_OBJC_ISA_USAGE = YES_ERROR;
				CLANG_WARN_DOCUMENTATION_COMMENTS = YES;
				CLANG_WARN_EMPTY_BODY = YES;
				CLANG_WARN_ENUM_CONVERSION = YES;
				CLANG_WARN_INFINITE_RECURSION = YES;
				CLANG_WARN_INT_CONVERSION = YES;
				CLANG_WARN_NON_LITERAL_NULL_CONVERSION = YES;
				CLANG_WARN_OBJC_IMPLICIT_RETAIN_SELF = YES;
				CLANG_WARN_OBJC_LITERAL_CONVERSION = YES;
				CLANG_WARN_OBJC_ROOT_CLASS = YES_ERROR;
				CLANG_WARN_QUOTED_INCLUDE_IN_FRAMEWORK_HEADER = YES;
				CLANG_WARN_RANGE_LOOP_ANALYSIS = YES;
				CLANG_WARN_STRICT_PROTOTYPES = YES;
				CLANG_WARN_SUSPICIOUS_MOVE = YES;
				CLANG_WARN_UNGUARDED_AVAILABILITY = YES_AGGRESSIVE;
				CLANG_WARN_UNREACHABLE_CODE = YES;
				CLANG_WARN__DUPLICATE_METHOD_MATCH = YES;
				COPY_PHASE_STRIP = NO;
				DEBUG_INFORMATION_FORMAT = "dwarf-with-dsym";
				ENABLE_NS_ASSERTIONS = NO;
				ENABLE_STRICT_OBJC_MSGSEND = YES;
				GCC_C_LANGUAGE_STANDARD = gnu11;
				GCC_NO_COMMON_BLOCKS = YES;
				GCC_WARN_64_TO_32_BIT_CONVERSION = YES;
				GCC_WARN_ABOUT_RETURN_TYPE = YES_ERROR;
				GCC_WARN_UNDECLARED_SELECTOR = YES;
				GCC_WARN_UNINITIALIZED_AUTOS = YES_AGGRESSIVE;
				GCC_WARN_UNUSED_FUNCTION = YES;
				GCC_WARN_UNUSED_VARIABLE = YES;
				IPHONEOS_DEPLOYMENT_TARGET = 15.5;
				MTL_ENABLE_DEBUG_INFO = NO;
				MTL_FAST_MATH = YES;
				SDKROOT = iphoneos;
				SWIFT_COMPILATION_MODE = wholemodule;
				SWIFT_OPTIMIZATION_LEVEL = "-O";
				VALIDATE_PRODUCT = YES;
			};
			name = Release;
		};
		51BBD12D2872E37900BBE992 /* Debug */ = {
			isa = XCBuildConfiguration;
			baseConfigurationReference = F8B9C5415B4C8B993136D88E /* Pods-Cookie.debug.xcconfig */;
			buildSettings = {
				API_URL = "http://3.34.223.58:9000";
				ASSETCATALOG_COMPILER_APPICON_NAME = AppIcon;
				ASSETCATALOG_COMPILER_GLOBAL_ACCENT_COLOR_NAME = AccentColor;
				CODE_SIGN_STYLE = Automatic;
				CURRENT_PROJECT_VERSION = 1;
				DEVELOPMENT_TEAM = Z6ZLWTKRJ7;
				GENERATE_INFOPLIST_FILE = YES;
				INFOPLIST_FILE = Cookie/Info.plist;
				INFOPLIST_KEY_UIApplicationSupportsIndirectInputEvents = YES;
				INFOPLIST_KEY_UILaunchStoryboardName = LaunchScreen;
				INFOPLIST_KEY_UIMainStoryboardFile = Main;
				INFOPLIST_KEY_UISupportedInterfaceOrientations_iPad = "UIInterfaceOrientationPortrait UIInterfaceOrientationPortraitUpsideDown UIInterfaceOrientationLandscapeLeft UIInterfaceOrientationLandscapeRight";
				INFOPLIST_KEY_UISupportedInterfaceOrientations_iPhone = "UIInterfaceOrientationPortrait UIInterfaceOrientationLandscapeLeft UIInterfaceOrientationLandscapeRight";
				LD_RUNPATH_SEARCH_PATHS = (
					"$(inherited)",
					"@executable_path/Frameworks",
				);
				MARKETING_VERSION = 1.0;
				PRODUCT_BUNDLE_IDENTIFIER = sanghyle.Cookie;
				PRODUCT_NAME = "$(TARGET_NAME)";
				SWIFT_EMIT_LOC_STRINGS = YES;
				SWIFT_VERSION = 5.0;
				TARGETED_DEVICE_FAMILY = "1,2";
			};
			name = Debug;
		};
		51BBD12E2872E37900BBE992 /* Release */ = {
			isa = XCBuildConfiguration;
			baseConfigurationReference = 2C792B62BB27596C13DAFBFF /* Pods-Cookie.release.xcconfig */;
			buildSettings = {
				API_URL = "http://3.34.223.58:9000";
				ASSETCATALOG_COMPILER_APPICON_NAME = AppIcon;
				ASSETCATALOG_COMPILER_GLOBAL_ACCENT_COLOR_NAME = AccentColor;
				CODE_SIGN_STYLE = Automatic;
				CURRENT_PROJECT_VERSION = 1;
				DEVELOPMENT_TEAM = Z6ZLWTKRJ7;
				GENERATE_INFOPLIST_FILE = YES;
				INFOPLIST_FILE = Cookie/Info.plist;
				INFOPLIST_KEY_UIApplicationSupportsIndirectInputEvents = YES;
				INFOPLIST_KEY_UILaunchStoryboardName = LaunchScreen;
				INFOPLIST_KEY_UIMainStoryboardFile = Main;
				INFOPLIST_KEY_UISupportedInterfaceOrientations_iPad = "UIInterfaceOrientationPortrait UIInterfaceOrientationPortraitUpsideDown UIInterfaceOrientationLandscapeLeft UIInterfaceOrientationLandscapeRight";
				INFOPLIST_KEY_UISupportedInterfaceOrientations_iPhone = "UIInterfaceOrientationPortrait UIInterfaceOrientationLandscapeLeft UIInterfaceOrientationLandscapeRight";
				LD_RUNPATH_SEARCH_PATHS = (
					"$(inherited)",
					"@executable_path/Frameworks",
				);
				MARKETING_VERSION = 1.0;
				PRODUCT_BUNDLE_IDENTIFIER = sanghyle.Cookie;
				PRODUCT_NAME = "$(TARGET_NAME)";
				SWIFT_EMIT_LOC_STRINGS = YES;
				SWIFT_VERSION = 5.0;
				TARGETED_DEVICE_FAMILY = "1,2";
			};
			name = Release;
		};
/* End XCBuildConfiguration section */

/* Begin XCConfigurationList section */
		51BBD1132872E37800BBE992 /* Build configuration list for PBXProject "Cookie" */ = {
			isa = XCConfigurationList;
			buildConfigurations = (
				51BBD12A2872E37900BBE992 /* Debug */,
				51BBD12B2872E37900BBE992 /* Release */,
			);
			defaultConfigurationIsVisible = 0;
			defaultConfigurationName = Release;
		};
		51BBD12C2872E37900BBE992 /* Build configuration list for PBXNativeTarget "Cookie" */ = {
			isa = XCConfigurationList;
			buildConfigurations = (
				51BBD12D2872E37900BBE992 /* Debug */,
				51BBD12E2872E37900BBE992 /* Release */,
			);
			defaultConfigurationIsVisible = 0;
			defaultConfigurationName = Release;
		};
/* End XCConfigurationList section */
	};
	rootObject = 51BBD1102872E37800BBE992 /* Project object */;
}
